
Microsoft Visual Studio Solution File, Format Version 12.00
# Visual Studio Version 17
VisualStudioVersion = 17.6.33829.357
MinimumVisualStudioVersion = 10.0.40219.1
Project("{9A19103F-16F7-4668-BE54-9A1E7A4F7556}") = "Maderera_Aplicacion_Web", "Maderera_Aplicacion_Web.csproj", "{8E6A96B1-91E0-4595-BFCE-60DBA048516E}"
EndProject
Project("{FAE04EC0-301F-11D3-BF4B-00C04F79EFBC}") = "ConfigUtilitarios", "..\ConfigUtilitarios\ConfigUtilitarios.csproj", "{36D53106-1B7B-4671-B13B-9EA487A2C1EA}"
EndProject
Global
	GlobalSection(SolutionConfigurationPlatforms) = preSolution
		Debug|Any CPU = Debug|Any CPU
		Release|Any CPU = Release|Any CPU
	EndGlobalSection
	GlobalSection(ProjectConfigurationPlatforms) = postSolution
		{8E6A96B1-91E0-4595-BFCE-60DBA048516E}.Debug|Any CPU.ActiveCfg = Debug|Any CPU
		{8E6A96B1-91E0-4595-BFCE-60DBA048516E}.Debug|Any CPU.Build.0 = Debug|Any CPU
		{8E6A96B1-91E0-4595-BFCE-60DBA048516E}.Release|Any CPU.ActiveCfg = Release|Any CPU
		{8E6A96B1-91E0-4595-BFCE-60DBA048516E}.Release|Any CPU.Build.0 = Release|Any CPU
		{36D53106-1B7B-4671-B13B-9EA487A2C1EA}.Debug|Any CPU.ActiveCfg = Debug|Any CPU
		{36D53106-1B7B-4671-B13B-9EA487A2C1EA}.Debug|Any CPU.Build.0 = Debug|Any CPU
		{36D53106-1B7B-4671-B13B-9EA487A2C1EA}.Release|Any CPU.ActiveCfg = Release|Any CPU
		{36D53106-1B7B-4671-B13B-9EA487A2C1EA}.Release|Any CPU.Build.0 = Release|Any CPU
	EndGlobalSection
	GlobalSection(SolutionProperties) = preSolution
		HideSolutionNode = FALSE
	EndGlobalSection
	GlobalSection(ExtensibilityGlobals) = postSolution
		SolutionGuid = {40887874-23F0-4CBE-A2FF-B585860A63BE}
	EndGlobalSection
EndGlobal
